// !$*UTF8*$!
{
	archiveVersion = 1;
	classes = {
	};
	objectVersion = 46;
	objects = {

/* Begin PBXBuildFile section */
		7E0401561D9C33420041D750 /* StoreKit.framework in Frameworks */ = {isa = PBXBuildFile; fileRef = 7E0401551D9C33420041D750 /* StoreKit.framework */; };
		7E0401591D9C371E0041D750 /* AppDelegateAssembler.swift in Sources */ = {isa = PBXBuildFile; fileRef = 7E0401581D9C371E0041D750 /* AppDelegateAssembler.swift */; };
		7E04015C1D9C64D70041D750 /* MainScreenDDM.swift in Sources */ = {isa = PBXBuildFile; fileRef = 7E04015B1D9C64D70041D750 /* MainScreenDDM.swift */; };
		7E0401671D9C67920041D750 /* MainScreenVC.swift in Sources */ = {isa = PBXBuildFile; fileRef = 7E0401641D9C67920041D750 /* MainScreenVC.swift */; };
		7E0401681D9C67920041D750 /* MainScreenDelegate.swift in Sources */ = {isa = PBXBuildFile; fileRef = 7E0401651D9C67920041D750 /* MainScreenDelegate.swift */; };
		7E0401751D9C6F920041D750 /* Tweet.swift in Sources */ = {isa = PBXBuildFile; fileRef = 7E0401711D9C6F920041D750 /* Tweet.swift */; };
		7E04017B1D9C75F80041D750 /* ServiceStreamingProtocol.swift in Sources */ = {isa = PBXBuildFile; fileRef = 7E0401791D9C75F80041D750 /* ServiceStreamingProtocol.swift */; };
		7E04017C1D9C75F80041D750 /* TwitterStreamingService.swift in Sources */ = {isa = PBXBuildFile; fileRef = 7E04017A1D9C75F80041D750 /* TwitterStreamingService.swift */; };
		7E04017E1D9D25C20041D750 /* SwifteriOS.framework in Frameworks */ = {isa = PBXBuildFile; fileRef = 7E04017D1D9D25C20041D750 /* SwifteriOS.framework */; };
		7E04017F1D9D25C20041D750 /* SwifteriOS.framework in Embed Frameworks */ = {isa = PBXBuildFile; fileRef = 7E04017D1D9D25C20041D750 /* SwifteriOS.framework */; settings = {ATTRIBUTES = (CodeSignOnCopy, RemoveHeadersOnCopy, ); }; };
		7E0401871D9D92320041D750 /* AppConfig.plist in Resources */ = {isa = PBXBuildFile; fileRef = 7E0401861D9D92320041D750 /* AppConfig.plist */; };
		7E21AD6D1D9DEC5D00469591 /* StroryboardAssembler.swift in Sources */ = {isa = PBXBuildFile; fileRef = 7E21AD6C1D9DEC5D00469591 /* StroryboardAssembler.swift */; };
		7E21AD741D9DEDC100469591 /* PListFile.swift in Sources */ = {isa = PBXBuildFile; fileRef = 7E21AD721D9DEDC100469591 /* PListFile.swift */; };
		7E21AD751D9DEDC100469591 /* PList.swift in Sources */ = {isa = PBXBuildFile; fileRef = 7E21AD731D9DEDC100469591 /* PList.swift */; };
		7E21AD791D9DEDEF00469591 /* Array.swift in Sources */ = {isa = PBXBuildFile; fileRef = 7E21AD771D9DEDEF00469591 /* Array.swift */; };
		7E21AD7A1D9DEDEF00469591 /* ViewController.swift in Sources */ = {isa = PBXBuildFile; fileRef = 7E21AD781D9DEDEF00469591 /* ViewController.swift */; };
		7E21AD811DA19E8A00469591 /* TweetCell.xib in Resources */ = {isa = PBXBuildFile; fileRef = 7E21AD7F1DA19E8A00469591 /* TweetCell.xib */; };
		7E21AD821DA19E8A00469591 /* TweetCell.swift in Sources */ = {isa = PBXBuildFile; fileRef = 7E21AD801DA19E8A00469591 /* TweetCell.swift */; };
		7E55BD761D9C1327000AE40A /* Assets.xcassets in Resources */ = {isa = PBXBuildFile; fileRef = 7E55BD611D9C1327000AE40A /* Assets.xcassets */; };
		7E55BD771D9C1327000AE40A /* LaunchScreen.storyboard in Resources */ = {isa = PBXBuildFile; fileRef = 7E55BD631D9C1327000AE40A /* LaunchScreen.storyboard */; };
		7E55BD781D9C1327000AE40A /* Main.storyboard in Resources */ = {isa = PBXBuildFile; fileRef = 7E55BD651D9C1327000AE40A /* Main.storyboard */; };
		7E55BD7A1D9C1327000AE40A /* AppDelegate.swift in Sources */ = {isa = PBXBuildFile; fileRef = 7E55BD691D9C1327000AE40A /* AppDelegate.swift */; };
		7E55BD7B1D9C1327000AE40A /* AppDelegateServiceDispatcher.swift in Sources */ = {isa = PBXBuildFile; fileRef = 7E55BD6A1D9C1327000AE40A /* AppDelegateServiceDispatcher.swift */; };
		7E55BD821D9C1327000AE40A /* RootService.swift in Sources */ = {isa = PBXBuildFile; fileRef = 7E55BD721D9C1327000AE40A /* RootService.swift */; };
		7E55BD881D9C2528000AE40A /* Podfile in Resources */ = {isa = PBXBuildFile; fileRef = 7E55BD871D9C2528000AE40A /* Podfile */; };
		D533885A953572F14750E79C /* Pods_SwiftTemplateProject.framework in Frameworks */ = {isa = PBXBuildFile; fileRef = 85646F77E3D0433339A2F18F /* Pods_SwiftTemplateProject.framework */; };
/* End PBXBuildFile section */

/* Begin PBXCopyFilesBuildPhase section */
		7E0401801D9D25C20041D750 /* Embed Frameworks */ = {
			isa = PBXCopyFilesBuildPhase;
			buildActionMask = 2147483647;
			dstPath = "";
			dstSubfolderSpec = 10;
			files = (
				7E04017F1D9D25C20041D750 /* SwifteriOS.framework in Embed Frameworks */,
			);
			name = "Embed Frameworks";
			runOnlyForDeploymentPostprocessing = 0;
		};
/* End PBXCopyFilesBuildPhase section */

/* Begin PBXFileReference section */
		7E0401541D9C33300041D750 /* SwiftTemplateProject.entitlements */ = {isa = PBXFileReference; lastKnownFileType = text.plist.entitlements; path = SwiftTemplateProject.entitlements; sourceTree = "<group>"; };
		7E0401551D9C33420041D750 /* StoreKit.framework */ = {isa = PBXFileReference; lastKnownFileType = wrapper.framework; name = StoreKit.framework; path = System/Library/Frameworks/StoreKit.framework; sourceTree = SDKROOT; };
		7E0401581D9C371E0041D750 /* AppDelegateAssembler.swift */ = {isa = PBXFileReference; fileEncoding = 4; lastKnownFileType = sourcecode.swift; name = AppDelegateAssembler.swift; path = Swinject/AppDelegateAssembler.swift; sourceTree = "<group>"; };
		7E04015B1D9C64D70041D750 /* MainScreenDDM.swift */ = {isa = PBXFileReference; fileEncoding = 4; lastKnownFileType = sourcecode.swift; name = MainScreenDDM.swift; path = MainScreen/MainScreenDDM.swift; sourceTree = "<group>"; };
		7E0401641D9C67920041D750 /* MainScreenVC.swift */ = {isa = PBXFileReference; fileEncoding = 4; lastKnownFileType = sourcecode.swift; name = MainScreenVC.swift; path = MainScreen/MainScreenVC.swift; sourceTree = "<group>"; };
		7E0401651D9C67920041D750 /* MainScreenDelegate.swift */ = {isa = PBXFileReference; fileEncoding = 4; lastKnownFileType = sourcecode.swift; name = MainScreenDelegate.swift; path = MainScreen/MainScreenDelegate.swift; sourceTree = "<group>"; };
		7E0401711D9C6F920041D750 /* Tweet.swift */ = {isa = PBXFileReference; fileEncoding = 4; lastKnownFileType = sourcecode.swift; path = Tweet.swift; sourceTree = "<group>"; };
		7E0401791D9C75F80041D750 /* ServiceStreamingProtocol.swift */ = {isa = PBXFileReference; fileEncoding = 4; lastKnownFileType = sourcecode.swift; path = ServiceStreamingProtocol.swift; sourceTree = "<group>"; };
		7E04017A1D9C75F80041D750 /* TwitterStreamingService.swift */ = {isa = PBXFileReference; fileEncoding = 4; lastKnownFileType = sourcecode.swift; path = TwitterStreamingService.swift; sourceTree = "<group>"; };
		7E04017D1D9D25C20041D750 /* SwifteriOS.framework */ = {isa = PBXFileReference; lastKnownFileType = wrapper.framework; name = SwifteriOS.framework; path = Carthage/Build/iOS/SwifteriOS.framework; sourceTree = "<group>"; };
		7E0401861D9D92320041D750 /* AppConfig.plist */ = {isa = PBXFileReference; fileEncoding = 4; lastKnownFileType = text.plist.xml; name = AppConfig.plist; path = Configs/AppConfig.plist; sourceTree = "<group>"; };
		7E21AD6C1D9DEC5D00469591 /* StroryboardAssembler.swift */ = {isa = PBXFileReference; fileEncoding = 4; lastKnownFileType = sourcecode.swift; name = StroryboardAssembler.swift; path = Swinject/StroryboardAssembler.swift; sourceTree = "<group>"; };
		7E21AD721D9DEDC100469591 /* PListFile.swift */ = {isa = PBXFileReference; fileEncoding = 4; lastKnownFileType = sourcecode.swift; name = PListFile.swift; path = SwiftTemplateProject/Helpers/PListFile.swift; sourceTree = SOURCE_ROOT; };
		7E21AD731D9DEDC100469591 /* PList.swift */ = {isa = PBXFileReference; fileEncoding = 4; lastKnownFileType = sourcecode.swift; name = PList.swift; path = SwiftTemplateProject/Helpers/PList.swift; sourceTree = SOURCE_ROOT; };
		7E21AD771D9DEDEF00469591 /* Array.swift */ = {isa = PBXFileReference; fileEncoding = 4; lastKnownFileType = sourcecode.swift; path = Array.swift; sourceTree = "<group>"; };
		7E21AD781D9DEDEF00469591 /* ViewController.swift */ = {isa = PBXFileReference; fileEncoding = 4; lastKnownFileType = sourcecode.swift; path = ViewController.swift; sourceTree = "<group>"; };
		7E21AD7F1DA19E8A00469591 /* TweetCell.xib */ = {isa = PBXFileReference; fileEncoding = 4; lastKnownFileType = file.xib; name = TweetCell.xib; path = MainScreen/Cells/TweetCell.xib; sourceTree = "<group>"; };
		7E21AD801DA19E8A00469591 /* TweetCell.swift */ = {isa = PBXFileReference; fileEncoding = 4; lastKnownFileType = sourcecode.swift; name = TweetCell.swift; path = MainScreen/Cells/TweetCell.swift; sourceTree = "<group>"; };
		7E55BD481D9C10E0000AE40A /* SwiftTemplateProject.app */ = {isa = PBXFileReference; explicitFileType = wrapper.application; includeInIndex = 0; path = SwiftTemplateProject.app; sourceTree = BUILT_PRODUCTS_DIR; };
		7E55BD611D9C1327000AE40A /* Assets.xcassets */ = {isa = PBXFileReference; lastKnownFileType = folder.assetcatalog; path = Assets.xcassets; sourceTree = "<group>"; };
		7E55BD641D9C1327000AE40A /* Base */ = {isa = PBXFileReference; lastKnownFileType = file.storyboard; name = Base; path = Base.lproj/LaunchScreen.storyboard; sourceTree = "<group>"; };
		7E55BD661D9C1327000AE40A /* Base */ = {isa = PBXFileReference; lastKnownFileType = file.storyboard; name = Base; path = Base.lproj/Main.storyboard; sourceTree = "<group>"; };
		7E55BD691D9C1327000AE40A /* AppDelegate.swift */ = {isa = PBXFileReference; fileEncoding = 4; lastKnownFileType = sourcecode.swift; path = AppDelegate.swift; sourceTree = "<group>"; };
		7E55BD6A1D9C1327000AE40A /* AppDelegateServiceDispatcher.swift */ = {isa = PBXFileReference; fileEncoding = 4; lastKnownFileType = sourcecode.swift; path = AppDelegateServiceDispatcher.swift; sourceTree = "<group>"; };
		7E55BD721D9C1327000AE40A /* RootService.swift */ = {isa = PBXFileReference; fileEncoding = 4; lastKnownFileType = sourcecode.swift; path = RootService.swift; sourceTree = "<group>"; };
		7E55BD851D9C24E1000AE40A /* Info.plist */ = {isa = PBXFileReference; fileEncoding = 4; lastKnownFileType = text.plist.xml; name = Info.plist; path = Configs/Info.plist; sourceTree = "<group>"; };
		7E55BD871D9C2528000AE40A /* Podfile */ = {isa = PBXFileReference; fileEncoding = 4; lastKnownFileType = text; path = Podfile; sourceTree = "<group>"; xcLanguageSpecificationIdentifier = xcode.lang.ruby; };
		85646F77E3D0433339A2F18F /* Pods_SwiftTemplateProject.framework */ = {isa = PBXFileReference; explicitFileType = wrapper.framework; includeInIndex = 0; path = Pods_SwiftTemplateProject.framework; sourceTree = BUILT_PRODUCTS_DIR; };
		AEC0FFE09FD4E15421088FC2 /* Pods-SwiftTemplateProject.release.xcconfig */ = {isa = PBXFileReference; includeInIndex = 1; lastKnownFileType = text.xcconfig; name = "Pods-SwiftTemplateProject.release.xcconfig"; path = "Pods/Target Support Files/Pods-SwiftTemplateProject/Pods-SwiftTemplateProject.release.xcconfig"; sourceTree = "<group>"; };
		ED8F26313D481FF250D250B8 /* Pods-SwiftTemplateProject.debug.xcconfig */ = {isa = PBXFileReference; includeInIndex = 1; lastKnownFileType = text.xcconfig; name = "Pods-SwiftTemplateProject.debug.xcconfig"; path = "Pods/Target Support Files/Pods-SwiftTemplateProject/Pods-SwiftTemplateProject.debug.xcconfig"; sourceTree = "<group>"; };
/* End PBXFileReference section */

/* Begin PBXFrameworksBuildPhase section */
		7E55BD451D9C10E0000AE40A /* Frameworks */ = {
			isa = PBXFrameworksBuildPhase;
			buildActionMask = 2147483647;
			files = (
				D533885A953572F14750E79C /* Pods_SwiftTemplateProject.framework in Frameworks */,
				7E0401561D9C33420041D750 /* StoreKit.framework in Frameworks */,
				7E04017E1D9D25C20041D750 /* SwifteriOS.framework in Frameworks */,
			);
			runOnlyForDeploymentPostprocessing = 0;
		};
/* End PBXFrameworksBuildPhase section */

/* Begin PBXGroup section */
		7E0401571D9C36FA0041D750 /* Swinject */ = {
			isa = PBXGroup;
			children = (
				7E0401581D9C371E0041D750 /* AppDelegateAssembler.swift */,
				7E21AD6C1D9DEC5D00469591 /* StroryboardAssembler.swift */,
			);
			name = Swinject;
			sourceTree = "<group>";
		};
		7E04015A1D9C64A90041D750 /* MainScreen */ = {
			isa = PBXGroup;
			children = (
				7E21AD7C1DA19DA600469591 /* Cells */,
				7E0401641D9C67920041D750 /* MainScreenVC.swift */,
				7E0401651D9C67920041D750 /* MainScreenDelegate.swift */,
				7E04015B1D9C64D70041D750 /* MainScreenDDM.swift */,
			);
			name = MainScreen;
			sourceTree = "<group>";
		};
		7E04016B1D9C6D040041D750 /* Bussiness Logic */ = {
			isa = PBXGroup;
			children = (
				7E0401701D9C6F920041D750 /* Models */,
			);
			name = "Bussiness Logic";
			sourceTree = "<group>";
		};
		7E04016C1D9C6F920041D750 /* Helpers */ = {
			isa = PBXGroup;
			children = (
				7E21AD761D9DEDEF00469591 /* Extensions */,
				7E21AD721D9DEDC100469591 /* PListFile.swift */,
				7E21AD731D9DEDC100469591 /* PList.swift */,
			);
			name = Helpers;
			path = Business/Helper;
			sourceTree = "<group>";
		};
		7E0401701D9C6F920041D750 /* Models */ = {
			isa = PBXGroup;
			children = (
				7E0401711D9C6F920041D750 /* Tweet.swift */,
			);
			name = Models;
			path = Business/Model;
			sourceTree = "<group>";
		};
		7E0401781D9C75F80041D750 /* Service */ = {
			isa = PBXGroup;
			children = (
				7E0401791D9C75F80041D750 /* ServiceStreamingProtocol.swift */,
				7E04017A1D9C75F80041D750 /* TwitterStreamingService.swift */,
			);
			path = Service;
			sourceTree = "<group>";
		};
		7E21AD761D9DEDEF00469591 /* Extensions */ = {
			isa = PBXGroup;
			children = (
				7E21AD771D9DEDEF00469591 /* Array.swift */,
				7E21AD781D9DEDEF00469591 /* ViewController.swift */,
			);
			name = Extensions;
			path = SwiftTemplateProject/Helpers/Extensions;
			sourceTree = SOURCE_ROOT;
		};
		7E21AD7C1DA19DA600469591 /* Cells */ = {
			isa = PBXGroup;
			children = (
				7E21AD7F1DA19E8A00469591 /* TweetCell.xib */,
				7E21AD801DA19E8A00469591 /* TweetCell.swift */,
			);
			name = Cells;
			sourceTree = "<group>";
		};
		7E55BD3F1D9C10E0000AE40A = {
			isa = PBXGroup;
			children = (
				7E55BD871D9C2528000AE40A /* Podfile */,
				7E55BD4A1D9C10E0000AE40A /* SwiftTemplateProject */,
				7E55BD491D9C10E0000AE40A /* Products */,
				EE755A777BD434EF3210E862 /* Pods */,
				EB114E37EEC2AB826EC718B6 /* Frameworks */,
			);
			sourceTree = "<group>";
		};
		7E55BD491D9C10E0000AE40A /* Products */ = {
			isa = PBXGroup;
			children = (
				7E55BD481D9C10E0000AE40A /* SwiftTemplateProject.app */,
			);
			name = Products;
			sourceTree = "<group>";
		};
		7E55BD4A1D9C10E0000AE40A /* SwiftTemplateProject */ = {
			isa = PBXGroup;
			children = (
				7E0401541D9C33300041D750 /* SwiftTemplateProject.entitlements */,
				7E0401781D9C75F80041D750 /* Service */,
				7E0401571D9C36FA0041D750 /* Swinject */,
				7E04016C1D9C6F920041D750 /* Helpers */,
				7E04016B1D9C6D040041D750 /* Bussiness Logic */,
				7E55BD5E1D9C1327000AE40A /* Views */,
				7E55BD621D9C1327000AE40A /* Storyboards */,
				7E55BD671D9C1327000AE40A /* AppDelegate */,
				7E55BD601D9C1327000AE40A /* Resources */,
				7E55BD5D1D9C1311000AE40A /* Configs */,
			);
			path = SwiftTemplateProject;
			sourceTree = "<group>";
		};
		7E55BD5D1D9C1311000AE40A /* Configs */ = {
			isa = PBXGroup;
			children = (
				7E55BD851D9C24E1000AE40A /* Info.plist */,
				7E0401861D9D92320041D750 /* AppConfig.plist */,
			);
			name = Configs;
			sourceTree = "<group>";
		};
		7E55BD5E1D9C1327000AE40A /* Views */ = {
			isa = PBXGroup;
			children = (
				7E04015A1D9C64A90041D750 /* MainScreen */,
			);
			path = Views;
			sourceTree = "<group>";
		};
		7E55BD601D9C1327000AE40A /* Resources */ = {
			isa = PBXGroup;
			children = (
				7E55BD611D9C1327000AE40A /* Assets.xcassets */,
			);
			path = Resources;
			sourceTree = "<group>";
		};
		7E55BD621D9C1327000AE40A /* Storyboards */ = {
			isa = PBXGroup;
			children = (
				7E55BD631D9C1327000AE40A /* LaunchScreen.storyboard */,
				7E55BD651D9C1327000AE40A /* Main.storyboard */,
			);
			path = Storyboards;
			sourceTree = "<group>";
		};
		7E55BD671D9C1327000AE40A /* AppDelegate */ = {
			isa = PBXGroup;
			children = (
				7E55BD691D9C1327000AE40A /* AppDelegate.swift */,
				7E55BD6A1D9C1327000AE40A /* AppDelegateServiceDispatcher.swift */,
				7E55BD6C1D9C1327000AE40A /* AppDelegateServices */,
			);
			path = AppDelegate;
			sourceTree = "<group>";
		};
		7E55BD6C1D9C1327000AE40A /* AppDelegateServices */ = {
			isa = PBXGroup;
			children = (
				7E55BD721D9C1327000AE40A /* RootService.swift */,
			);
			path = AppDelegateServices;
			sourceTree = "<group>";
		};
		EB114E37EEC2AB826EC718B6 /* Frameworks */ = {
			isa = PBXGroup;
			children = (
				7E04017D1D9D25C20041D750 /* SwifteriOS.framework */,
				7E0401551D9C33420041D750 /* StoreKit.framework */,
				85646F77E3D0433339A2F18F /* Pods_SwiftTemplateProject.framework */,
			);
			name = Frameworks;
			sourceTree = "<group>";
		};
		EE755A777BD434EF3210E862 /* Pods */ = {
			isa = PBXGroup;
			children = (
				ED8F26313D481FF250D250B8 /* Pods-SwiftTemplateProject.debug.xcconfig */,
				AEC0FFE09FD4E15421088FC2 /* Pods-SwiftTemplateProject.release.xcconfig */,
			);
			name = Pods;
			sourceTree = "<group>";
		};
/* End PBXGroup section */

/* Begin PBXNativeTarget section */
		7E55BD471D9C10E0000AE40A /* SwiftTemplateProject */ = {
			isa = PBXNativeTarget;
			buildConfigurationList = 7E55BD5A1D9C10E1000AE40A /* Build configuration list for PBXNativeTarget "SwiftTemplateProject" */;
			buildPhases = (
				1E535EE06B3A7BAE0501181A /* Check Pods Manifest.lock */,
				7E55BD441D9C10E0000AE40A /* Sources */,
				7E55BD451D9C10E0000AE40A /* Frameworks */,
				7E55BD461D9C10E0000AE40A /* Resources */,
				EA4D2C348703529209B8F082 /* Embed Pods Frameworks */,
				4E4664EDB3BE41B4BCD8D395 /* Copy Pods Resources */,
				7E0401801D9D25C20041D750 /* Embed Frameworks */,
			);
			buildRules = (
			);
			dependencies = (
			);
			name = SwiftTemplateProject;
			productName = SwiftTemplateProject;
			productReference = 7E55BD481D9C10E0000AE40A /* SwiftTemplateProject.app */;
			productType = "com.apple.product-type.application";
		};
/* End PBXNativeTarget section */

/* Begin PBXProject section */
		7E55BD401D9C10E0000AE40A /* Project object */ = {
			isa = PBXProject;
			attributes = {
				LastSwiftUpdateCheck = 0800;
				LastUpgradeCheck = 0800;
				ORGANIZATIONNAME = Hawk;
				TargetAttributes = {
					7E55BD471D9C10E0000AE40A = {
						CreatedOnToolsVersion = 8.0;
						DevelopmentTeam = HAKZ2M653C;
						ProvisioningStyle = Automatic;
						SystemCapabilities = {
							com.apple.BackgroundModes = {
								enabled = 1;
							};
							com.apple.InAppPurchase = {
								enabled = 1;
							};
							com.apple.Push = {
								enabled = 1;
							};
						};
					};
				};
			};
			buildConfigurationList = 7E55BD431D9C10E0000AE40A /* Build configuration list for PBXProject "SwiftTemplateProject" */;
			compatibilityVersion = "Xcode 3.2";
			developmentRegion = English;
			hasScannedForEncodings = 0;
			knownRegions = (
				en,
				Base,
			);
			mainGroup = 7E55BD3F1D9C10E0000AE40A;
			productRefGroup = 7E55BD491D9C10E0000AE40A /* Products */;
			projectDirPath = "";
			projectRoot = "";
			targets = (
				7E55BD471D9C10E0000AE40A /* SwiftTemplateProject */,
			);
		};
/* End PBXProject section */

/* Begin PBXResourcesBuildPhase section */
		7E55BD461D9C10E0000AE40A /* Resources */ = {
			isa = PBXResourcesBuildPhase;
			buildActionMask = 2147483647;
			files = (
				7E55BD881D9C2528000AE40A /* Podfile in Resources */,
				7E55BD781D9C1327000AE40A /* Main.storyboard in Resources */,
				7E55BD761D9C1327000AE40A /* Assets.xcassets in Resources */,
				7E0401871D9D92320041D750 /* AppConfig.plist in Resources */,
				7E55BD771D9C1327000AE40A /* LaunchScreen.storyboard in Resources */,
				7E21AD811DA19E8A00469591 /* TweetCell.xib in Resources */,
			);
			runOnlyForDeploymentPostprocessing = 0;
		};
/* End PBXResourcesBuildPhase section */

/* Begin PBXShellScriptBuildPhase section */
		1E535EE06B3A7BAE0501181A /* Check Pods Manifest.lock */ = {
			isa = PBXShellScriptBuildPhase;
			buildActionMask = 2147483647;
			files = (
			);
			inputPaths = (
			);
			name = "Check Pods Manifest.lock";
			outputPaths = (
			);
			runOnlyForDeploymentPostprocessing = 0;
			shellPath = /bin/sh;
			shellScript = "diff \"${PODS_ROOT}/../Podfile.lock\" \"${PODS_ROOT}/Manifest.lock\" > /dev/null\nif [[ $? != 0 ]] ; then\n    cat << EOM\nerror: The sandbox is not in sync with the Podfile.lock. Run 'pod install' or update your CocoaPods installation.\nEOM\n    exit 1\nfi\n";
			showEnvVarsInLog = 0;
		};
		4E4664EDB3BE41B4BCD8D395 /* Copy Pods Resources */ = {
			isa = PBXShellScriptBuildPhase;
			buildActionMask = 2147483647;
			files = (
			);
			inputPaths = (
			);
			name = "Copy Pods Resources";
			outputPaths = (
			);
			runOnlyForDeploymentPostprocessing = 0;
			shellPath = /bin/sh;
			shellScript = "\"${SRCROOT}/Pods/Target Support Files/Pods-SwiftTemplateProject/Pods-SwiftTemplateProject-resources.sh\"\n";
			showEnvVarsInLog = 0;
		};
		EA4D2C348703529209B8F082 /* Embed Pods Frameworks */ = {
			isa = PBXShellScriptBuildPhase;
			buildActionMask = 2147483647;
			files = (
			);
			inputPaths = (
			);
			name = "Embed Pods Frameworks";
			outputPaths = (
			);
			runOnlyForDeploymentPostprocessing = 0;
			shellPath = /bin/sh;
			shellScript = "\"${SRCROOT}/Pods/Target Support Files/Pods-SwiftTemplateProject/Pods-SwiftTemplateProject-frameworks.sh\"\n";
			showEnvVarsInLog = 0;
		};
/* End PBXShellScriptBuildPhase section */

/* Begin PBXSourcesBuildPhase section */
		7E55BD441D9C10E0000AE40A /* Sources */ = {
			isa = PBXSourcesBuildPhase;
			buildActionMask = 2147483647;
			files = (
				7E21AD6D1D9DEC5D00469591 /* StroryboardAssembler.swift in Sources */,
				7E0401671D9C67920041D750 /* MainScreenVC.swift in Sources */,
				7E21AD821DA19E8A00469591 /* TweetCell.swift in Sources */,
				7E04017B1D9C75F80041D750 /* ServiceStreamingProtocol.swift in Sources */,
				7E21AD751D9DEDC100469591 /* PList.swift in Sources */,
				7E21AD791D9DEDEF00469591 /* Array.swift in Sources */,
				7E21AD741D9DEDC100469591 /* PListFile.swift in Sources */,
				7E55BD821D9C1327000AE40A /* RootService.swift in Sources */,
				7E0401591D9C371E0041D750 /* AppDelegateAssembler.swift in Sources */,
				7E21AD7A1D9DEDEF00469591 /* ViewController.swift in Sources */,
				7E55BD7A1D9C1327000AE40A /* AppDelegate.swift in Sources */,
				7E0401751D9C6F920041D750 /* Tweet.swift in Sources */,
				7E55BD7B1D9C1327000AE40A /* AppDelegateServiceDispatcher.swift in Sources */,
				7E0401681D9C67920041D750 /* MainScreenDelegate.swift in Sources */,
				7E04017C1D9C75F80041D750 /* TwitterStreamingService.swift in Sources */,
				7E04015C1D9C64D70041D750 /* MainScreenDDM.swift in Sources */,
			);
			runOnlyForDeploymentPostprocessing = 0;
		};
/* End PBXSourcesBuildPhase section */

/* Begin PBXVariantGroup section */
		7E55BD631D9C1327000AE40A /* LaunchScreen.storyboard */ = {
			isa = PBXVariantGroup;
			children = (
				7E55BD641D9C1327000AE40A /* Base */,
			);
			name = LaunchScreen.storyboard;
			sourceTree = "<group>";
		};
		7E55BD651D9C1327000AE40A /* Main.storyboard */ = {
			isa = PBXVariantGroup;
			children = (
				7E55BD661D9C1327000AE40A /* Base */,
			);
			name = Main.storyboard;
			sourceTree = "<group>";
		};
/* End PBXVariantGroup section */

/* Begin XCBuildConfiguration section */
		7E55BD581D9C10E1000AE40A /* Debug */ = {
			isa = XCBuildConfiguration;
			buildSettings = {
				ALWAYS_SEARCH_USER_PATHS = NO;
				CLANG_ANALYZER_NONNULL = YES;
				CLANG_CXX_LANGUAGE_STANDARD = "gnu++0x";
				CLANG_CXX_LIBRARY = "libc++";
				CLANG_ENABLE_MODULES = YES;
				CLANG_ENABLE_OBJC_ARC = YES;
				CLANG_WARN_BOOL_CONVERSION = YES;
				CLANG_WARN_CONSTANT_CONVERSION = YES;
				CLANG_WARN_DIRECT_OBJC_ISA_USAGE = YES_ERROR;
				CLANG_WARN_DOCUMENTATION_COMMENTS = YES;
				CLANG_WARN_EMPTY_BODY = YES;
				CLANG_WARN_ENUM_CONVERSION = YES;
				CLANG_WARN_INFINITE_RECURSION = YES;
				CLANG_WARN_INT_CONVERSION = YES;
				CLANG_WARN_OBJC_ROOT_CLASS = YES_ERROR;
				CLANG_WARN_SUSPICIOUS_MOVES = YES;
				CLANG_WARN_UNREACHABLE_CODE = YES;
				CLANG_WARN__DUPLICATE_METHOD_MATCH = YES;
				"CODE_SIGN_IDENTITY[sdk=iphoneos*]" = "iPhone Developer";
				COPY_PHASE_STRIP = NO;
				DEBUG_INFORMATION_FORMAT = dwarf;
				ENABLE_STRICT_OBJC_MSGSEND = YES;
				ENABLE_TESTABILITY = YES;
				GCC_C_LANGUAGE_STANDARD = gnu99;
				GCC_DYNAMIC_NO_PIC = NO;
				GCC_NO_COMMON_BLOCKS = YES;
				GCC_OPTIMIZATION_LEVEL = 0;
				GCC_PREPROCESSOR_DEFINITIONS = (
					"DEBUG=1",
					"$(inherited)",
				);
				GCC_WARN_64_TO_32_BIT_CONVERSION = YES;
				GCC_WARN_ABOUT_RETURN_TYPE = YES_ERROR;
				GCC_WARN_UNDECLARED_SELECTOR = YES;
				GCC_WARN_UNINITIALIZED_AUTOS = YES_AGGRESSIVE;
				GCC_WARN_UNUSED_FUNCTION = YES;
				GCC_WARN_UNUSED_VARIABLE = YES;
				IPHONEOS_DEPLOYMENT_TARGET = 10.0;
				MTL_ENABLE_DEBUG_INFO = YES;
				ONLY_ACTIVE_ARCH = YES;
				SDKROOT = iphoneos;
				SWIFT_ACTIVE_COMPILATION_CONDITIONS = DEBUG;
				SWIFT_OPTIMIZATION_LEVEL = "-Onone";
				TARGETED_DEVICE_FAMILY = "1,2";
			};
			name = Debug;
		};
		7E55BD591D9C10E1000AE40A /* Release */ = {
			isa = XCBuildConfiguration;
			buildSettings = {
				ALWAYS_SEARCH_USER_PATHS = NO;
				CLANG_ANALYZER_NONNULL = YES;
				CLANG_CXX_LANGUAGE_STANDARD = "gnu++0x";
				CLANG_CXX_LIBRARY = "libc++";
				CLANG_ENABLE_MODULES = YES;
				CLANG_ENABLE_OBJC_ARC = YES;
				CLANG_WARN_BOOL_CONVERSION = YES;
				CLANG_WARN_CONSTANT_CONVERSION = YES;
				CLANG_WARN_DIRECT_OBJC_ISA_USAGE = YES_ERROR;
				CLANG_WARN_DOCUMENTATION_COMMENTS = YES;
				CLANG_WARN_EMPTY_BODY = YES;
				CLANG_WARN_ENUM_CONVERSION = YES;
				CLANG_WARN_INFINITE_RECURSION = YES;
				CLANG_WARN_INT_CONVERSION = YES;
				CLANG_WARN_OBJC_ROOT_CLASS = YES_ERROR;
				CLANG_WARN_SUSPICIOUS_MOVES = YES;
				CLANG_WARN_UNREACHABLE_CODE = YES;
				CLANG_WARN__DUPLICATE_METHOD_MATCH = YES;
				"CODE_SIGN_IDENTITY[sdk=iphoneos*]" = "iPhone Developer";
				COPY_PHASE_STRIP = NO;
				DEBUG_INFORMATION_FORMAT = "dwarf-with-dsym";
				ENABLE_NS_ASSERTIONS = NO;
				ENABLE_STRICT_OBJC_MSGSEND = YES;
				GCC_C_LANGUAGE_STANDARD = gnu99;
				GCC_NO_COMMON_BLOCKS = YES;
				GCC_WARN_64_TO_32_BIT_CONVERSION = YES;
				GCC_WARN_ABOUT_RETURN_TYPE = YES_ERROR;
				GCC_WARN_UNDECLARED_SELECTOR = YES;
				GCC_WARN_UNINITIALIZED_AUTOS = YES_AGGRESSIVE;
				GCC_WARN_UNUSED_FUNCTION = YES;
				GCC_WARN_UNUSED_VARIABLE = YES;
				IPHONEOS_DEPLOYMENT_TARGET = 10.0;
				MTL_ENABLE_DEBUG_INFO = NO;
				SDKROOT = iphoneos;
				SWIFT_OPTIMIZATION_LEVEL = "-Owholemodule";
				TARGETED_DEVICE_FAMILY = "1,2";
				VALIDATE_PRODUCT = YES;
			};
			name = Release;
		};
		7E55BD5B1D9C10E1000AE40A /* Debug */ = {
			isa = XCBuildConfiguration;
			baseConfigurationReference = ED8F26313D481FF250D250B8 /* Pods-SwiftTemplateProject.debug.xcconfig */;
			buildSettings = {
				ASSETCATALOG_COMPILER_APPICON_NAME = AppIcon;
				CODE_SIGN_ENTITLEMENTS = SwiftTemplateProject/SwiftTemplateProject.entitlements;
				DEVELOPMENT_TEAM = HAKZ2M653C;
				FRAMEWORK_SEARCH_PATHS = (
					"$(inherited)",
					"$(PROJECT_DIR)/Carthage/Build/iOS",
				);
				INFOPLIST_FILE = SwiftTemplateProject/Configs/Info.plist;
				LD_RUNPATH_SEARCH_PATHS = "$(inherited) @executable_path/Frameworks";
				PRODUCT_BUNDLE_IDENTIFIER = VladSkipper.SwiftTemplateProject;
				PRODUCT_NAME = "$(TARGET_NAME)";
				SWIFT_VERSION = 3.0;
			};
			name = Debug;
		};
		7E55BD5C1D9C10E1000AE40A /* Release */ = {
			isa = XCBuildConfiguration;
			baseConfigurationReference = AEC0FFE09FD4E15421088FC2 /* Pods-SwiftTemplateProject.release.xcconfig */;
			buildSettings = {
				ASSETCATALOG_COMPILER_APPICON_NAME = AppIcon;
				CODE_SIGN_ENTITLEMENTS = SwiftTemplateProject/SwiftTemplateProject.entitlements;
				DEVELOPMENT_TEAM = HAKZ2M653C;
				FRAMEWORK_SEARCH_PATHS = (
					"$(inherited)",
					"$(PROJECT_DIR)/Carthage/Build/iOS",
				);
				INFOPLIST_FILE = SwiftTemplateProject/Configs/Info.plist;
				LD_RUNPATH_SEARCH_PATHS = "$(inherited) @executable_path/Frameworks";
				PRODUCT_BUNDLE_IDENTIFIER = VladSkipper.SwiftTemplateProject;
				PRODUCT_NAME = "$(TARGET_NAME)";
				SWIFT_VERSION = 3.0;
			};
			name = Release;
		};
/* End XCBuildConfiguration section */

/* Begin XCConfigurationList section */
		7E55BD431D9C10E0000AE40A /* Build configuration list for PBXProject "SwiftTemplateProject" */ = {
			isa = XCConfigurationList;
			buildConfigurations = (
				7E55BD581D9C10E1000AE40A /* Debug */,
				7E55BD591D9C10E1000AE40A /* Release */,
			);
			defaultConfigurationIsVisible = 0;
			defaultConfigurationName = Release;
		};
		7E55BD5A1D9C10E1000AE40A /* Build configuration list for PBXNativeTarget "SwiftTemplateProject" */ = {
			isa = XCConfigurationList;
			buildConfigurations = (
				7E55BD5B1D9C10E1000AE40A /* Debug */,
				7E55BD5C1D9C10E1000AE40A /* Release */,
			);
			defaultConfigurationIsVisible = 0;
			defaultConfigurationName = Release;
		};
/* End XCConfigurationList section */
	};
	rootObject = 7E55BD401D9C10E0000AE40A /* Project object */;
}
